version = 1
revision = 3
requires-python = "==3.12.*"

[[package]]
name = "cbor2"
version = "6.1.4"
source = { registry = "https://pypi.org/simple" }
sdist = { url = "https://files.pythonhosted.org/packages/c6/14/b02446bacfe44351b1689c04937ade007588f44570431880a6937e525e6c/cbor2-6.1.4.tar.gz", hash = "sha256:01ecc79a28f33d17331943ce508fc1e21f4b06553c73f874f4c77120d72b2ef9", size = 90840, upload-time = "2026-08-01T20:41:39.797Z" }
wheels = [
    { url = "https://files.pythonhosted.org/packages/2e/76/fb64293c19cafb860060310c57b768fd9cfb7cf592449660b756538cc116/cbor2-6.1.4-cp312-cp312-macosx_11_0_arm64.whl", hash = "sha256:1fc15061553e4494dc10883237501e3402c645fe509248dd698e1faf2460d68b", size = 404608, upload-time = "2026-08-01T20:40:50.219Z" },
    { url = "https://files.pythonhosted.org/packages/96/ac/f58b3bafce7c86ada2ad8eaf189453136d2cf5bae526ea0540e1b9bc9d06/cbor2-6.1.4-cp312-cp312-manylinux_2_28_aarch64.whl", hash = "sha256:d9ada5a6ccfbb8ea7a3aa2aeb028421b52d8e0cd9323f0a2aeaa9c09d25fbce2", size = 449851, upload-time = "2026-08-01T20:40:51.725Z" },
    { url = "https://files.pythonhosted.org/packages/f0/a5/10c6c126d59b07f2bd005094dd12a20afa46146f7e2673ed6f61a57641a7/cbor2-6.1.4-cp312-cp312-manylinux_2_28_x86_64.whl", hash = "sha256:310f3dfb296ba48fe9b63c5cf26e691e3548a1eae6901d2f0c18e941d151f220", size = 461193, upload-time = "2026-08-01T20:40:53.446Z" },
    { url = "https://files.pythonhosted.org/packages/15/e4/4445e6237088d1cca3b8536daeb90d6b4e23776de5609c9fa46773874757/cbor2-6.1.4-cp312-cp312-musllinux_1_2_aarch64.whl", hash = "sha256:5e6c76004d674ad1c620660cb0bc5a8a0b72a5d8c7b70926d8e09e6d7e87332f", size = 516937, upload-time = "2026-08-01T20:40:54.952Z" },
    { url = "https://files.pythonhosted.org/packages/8c/87/9c0959510f7a402e5995c81ccfd82cb9f314140dc0cce88c12836e5b93f1/cbor2-6.1.4-cp312-cp312-musllinux_1_2_x86_64.whl", hash = "sha256:32a4663425fbca4a4a7aa918eb5789d844c406439e58424cf34511f79f559242", size = 529229, upload-time = "2026-08-01T20:40:56.365Z" },
    { url = "https://files.pythonhosted.org/packages/91/8e/6811e4ee84203ac657f6f461a37c7c9ba0287bde80eb83c7971e9b3fe156/cbor2-6.1.4-cp312-cp312-win32.whl", hash = "sha256:2310f07db3f9ba26f2a623774ff9f3dc7185af54f732ea119785a6b1bf7e1e7e", size = 278810, upload-time = "2026-08-01T20:40:57.76Z" },
    { url = "https://files.pythonhosted.org/packages/da/27/87440788fc0d9513534c3c699238e2a9ca6010f8cb72e9c203b7af20a9f6/cbor2-6.1.4-cp312-cp312-win_amd64.whl", hash = "sha256:cc8cd300e236e9797b2e1ce306109dc481fcccf78bfa2682bf36d99e6eab1ec6", size = 299971, upload-time = "2026-08-01T20:40:59.256Z" },
    { url = "https://files.pythonhosted.org/packages/23/f9/77981e6e63092de19d7306a09a12b0eb3fd2907dc22c10dd5d389eb27faf/cbor2-6.1.4-cp312-cp312-win_arm64.whl", hash = "sha256:553a46bda7d09552631a714e22b91e6ff2c867ecd91511596ce290d8879b8d5b", size = 290662, upload-time = "2026-08-01T20:41:00.89Z" },
]

[[package]]
name = "certifi"
version = "2026.7.22"
source = { registry = "https://pypi.org/simple" }
sdist = { url = "https://files.pythonhosted.org/packages/a3/c2/24167ea9858356b47a87a50d39908bfdb72ceeefe0041586e704e5376b3a/certifi-2026.7.22.tar.gz", hash = "sha256:741e2c3b351ddf169a738da9f2c048608ff7f2c5cc02f1ebc6b118bb090d5d55", size = 138112, upload-time = "2026-07-22T03:35:12.644Z" }
wheels = [
    { url = "https://files.pythonhosted.org/packages/0b/a7/71ac2cff56fec219ed242bb11b8efb69fcc4bec75db06fb7bfe35de520e6/certifi-2026.7.22-py3-none-any.whl", hash = "sha256:62f22742b58a1a33014a2b6b706588a8d7e2a88ae7bd1a6ebe8c992928483775", size = 136983, upload-time = "2026-07-22T03:35:11.276Z" },
]

[[package]]
name = "charset-normalizer"
version = "3.5.1"
source = { registry = "https://pypi.org/simple" }
sdist = { url = "https://files.pythonhosted.org/packages/e5/3f/143b048436775b0f76ac3eec145c019e8173ccc2885c8f20319b996d5e83/charset_normalizer-3.5.1.tar.gz", hash = "sha256:6117b84ea48435e5356dc737f5121485c30920ba43375fa7b434fd753df0eac3", size = 171764, upload-time = "2026-08-15T08:20:44.807Z" }
wheels = [
    { url = "https://files.pythonhosted.org/packages/30/27/78873dc8b6a56357517b74b6bb9568b80450e7bb4f6ef7e3fa9d22aa0bd7/charset_normalizer-3.5.1-cp312-cp312-macosx_10_13_universal2.whl", hash = "sha256:5b6d1386bf0096d26d3a863dc0a487a5b4eb9aa93cf5ba69683d29dde6b9d60f", size = 344456, upload-time = "2026-08-15T08:17:10.072Z" },
    { url = "https://files.pythonhosted.org/packages/9a/4c/be49ada26b1f0232d57aa89bbebf997a5cc2332a5616b6eca26ff680044d/charset_normalizer-3.5.1-cp312-cp312-manylinux2014_aarch64.manylinux_2_17_aarch64.manylinux_2_28_aarch64.whl", hash = "sha256:4582c27e8c889d64811987b5967fbd3ae0c823fe1fd933b543d55ac20bb475fa", size = 238530, upload-time = "2026-08-15T08:17:11.563Z" },
    { url = "https://files.pythonhosted.org/packages/76/84/6f1290fa07ae6978d3960caa3eb1b8019bf9284ab7c2297b00c099ef4250/charset_normalizer-3.5.1-cp312-cp312-manylinux2014_armv7l.manylinux_2_17_armv7l.manylinux_2_31_armv7l.whl", hash = "sha256:1d1c7a53a6c2103925cdd6d7229f8c567379f211c869793df679f2e9f738c369", size = 230200, upload-time = "2026-08-15T08:17:12.919Z" },
    { url = "https://files.pythonhosted.org/packages/e7/a0/47b18adeed31c8f16ba9700f32c1b18594cfa09f47eb672a488c273c22bf/charset_normalizer-3.5.1-cp312-cp312-manylinux2014_ppc64le.manylinux_2_17_ppc64le.manylinux_2_28_ppc64le.whl", hash = "sha256:e6621fb2a4988d6e53eedc455e5903e2679f3967b8acb3d639f1b63c14a2e893", size = 262222, upload-time = "2026-08-15T08:17:14.571Z" },
    { url = "https://files.pythonhosted.org/packages/38/fe/341861ac118dae06f3ec0eb487488af52128f2ef2faf0b11003944d22259/charset_normalizer-3.5.1-cp312-cp312-manylinux2014_s390x.manylinux_2_17_s390x.manylinux_2_28_s390x.whl", hash = "sha256:7c0c10730342b0c9b35dd1d619beb8214e520bd96a1f870f452680b238aab3e0", size = 258951, upload-time = "2026-08-15T08:17:16.158Z" },
    { url = "https://files.pythonhosted.org/packages/6f/89/bb5108dc6c3651dca963f2b0a3ba19bbcb370c94e1b6d3e0e844a58e6dca/charset_normalizer-3.5.1-cp312-cp312-manylinux2014_x86_64.manylinux_2_17_x86_64.manylinux_2_28_x86_64.whl", hash = "sha256:b9af956078716df40d985fb0dfeb2c2120c5ca92ba4ff4b388acfd01cdc14d08", size = 248801, upload-time = "2026-08-15T08:17:17.683Z" },
    { url = "https://files.pythonhosted.org/packages/b1/ba/ef83ae3aca816393decfa3530976f38a79812d707b80b580ac33b83f9877/charset_normalizer-3.5.1-cp312-cp312-manylinux_2_31_riscv64.manylinux_2_39_riscv64.whl", hash = "sha256:f9f8405c2c758532c74fed975dbee57be1f31a6e865c031870c79a6ed3212ada", size = 244070, upload-time = "2026-08-15T08:17:19.191Z" },
    { url = "https://files.pythonhosted.org/packages/f6/0b/c5292a2462d69b7378ea89793bbb5b2b6fcf6f7dd6d1667f9619094ad553/charset_normalizer-3.5.1-cp312-cp312-musllinux_1_2_aarch64.whl", hash = "sha256:96fef3e886d6a9874b14f27fc193fbdc69d5d8035783d86aa4e1cea594e695f9", size = 240110, upload-time = "2026-08-15T08:17:20.547Z" },
    { url = "https://files.pythonhosted.org/packages/46/22/111e5be3b740d5c2a5bfcedb3d237b6591e5c2e82ae9d6ffcb121fe0909c/charset_normalizer-3.5.1-cp312-cp312-musllinux_1_2_armv7l.whl", hash = "sha256:5d8531a6569d025f68e2321e7638fb7978f23db58e5f69f56913837aae03816e", size = 232836, upload-time = "2026-08-15T08:17:21.895Z" },
    { url = "https://files.pythonhosted.org/packages/f9/d2/d2aad6fe0dbb44b194bf3becb60f5a0ac48446ade999a47fe7bb41eb09a7/charset_normalizer-3.5.1-cp312-cp312-musllinux_1_2_ppc64le.whl", hash = "sha256:aae2ee51122d3ae968a3837d97dc24a0aeebb0dea23694422cd172bd30017cd6", size = 262712, upload-time = "2026-08-15T08:17:23.727Z" },
    { url = "https://files.pythonhosted.org/packages/35/5a/337e4663a5eae6de99db940ee8066d4145caafb61327db62deda15313cce/charset_normalizer-3.5.1-cp312-cp312-musllinux_1_2_riscv64.whl", hash = "sha256:7235dc28fc6dd9d832ac7c7bce95367dedb85929f17368a0c2bee1e080b9acbf", size = 242977, upload-time = "2026-08-15T08:17:25.157Z" },
    { url = "https://files.pythonhosted.org/packages/ca/85/f82f8a92e31c7519410e2e1afdc630f28ec47490ce2c09a11c1a43cbb459/charset_normalizer-3.5.1-cp312-cp312-musllinux_1_2_s390x.whl", hash = "sha256:4abdc5f9ad448c1ecbfae2974b820535d6bc6e7eef63babbab3d81cf46968c71", size = 260207, upload-time = "2026-08-15T08:17:26.602Z" },
    { url = "https://files.pythonhosted.org/packages/b7/52/643d11ffd60e9ac2fd1fb87e167a19285b9eefeff4a40e63c87cbfbeab36/charset_normalizer-3.5.1-cp312-cp312-musllinux_1_2_x86_64.whl", hash = "sha256:ba501e667c17d8411f98e67a022d9604ef179aff0e459b7e292c796837c13573", size = 250562, upload-time = "2026-08-15T08:17:27.971Z" },
    { url = "https://files.pythonhosted.org/packages/62/16/46556278c2168d12df9da7fede5dc6fc70e60301b26a82bbeec238c9cfe3/charset_normalizer-3.5.1-cp312-cp312-win32.whl", hash = "sha256:cfa1c0cc3a8f9f53f1243a5a99ac36fd003880199383b37672e86ddda9cb07e2", size = 178507, upload-time = "2026-08-15T08:17:29.277Z" },
    { url = "https://files.pythonhosted.org/packages/9d/7a/4c6c298171e6b3e745633180ff59350fc0ca0db1ffd28df1e369e0579f71/charset_normalizer-3.5.1-cp312-cp312-win_amd64.whl", hash = "sha256:3617ac3cfd8b9888f145ad89dd6e692285834b0201c6074a5eeaad3fd4d668c2", size = 200551, upload-time = "2026-08-15T08:17:30.668Z" },
    { url = "https://files.pythonhosted.org/packages/cd/d7/eb95a042f0dd22e304b0b6472b154f3546a1a039a9ee89ccb2a7f61591fc/charset_normalizer-3.5.1-cp312-cp312-win_arm64.whl", hash = "sha256:88e85ab89cb822c1e635f51d6d32e488f94e002e70e2f492bdb8b945543f345a", size = 180700, upload-time = "2026-08-15T08:17:32.028Z" },
    { url = "https://files.pythonhosted.org/packages/5b/97/fb4e82231aba271ffd775a1b4993b0defc4e3059f286ae41d9433409fe85/charset_normalizer-3.5.1-cp37-abi3-macosx_10_9_universal2.whl", hash = "sha256:41876ee62a3dddf48ff1121ad8f0798032aa03f2fd35f21f34a4cab14f18d8d2", size = 331467, upload-time = "2026-08-15T08:19:50.959Z" },
    { url = "https://files.pythonhosted.org/packages/9f/2f/fe3f187327aac18e2d54e9d2b08e15d27bf9b642d9e51c219f130fc34d1a/charset_normalizer-3.5.1-cp37-abi3-manylinux1_x86_64.manylinux_2_28_x86_64.manylinux_2_5_x86_64.whl", hash = "sha256:a6dac12ff6b846103483683f60c5f8fee205121adc58ffd87e90a90a3af69e99", size = 253057, upload-time = "2026-08-15T08:19:52.654Z" },
    { url = "https://files.pythonhosted.org/packages/d7/c7/9e48cee5c161fe24da823b61bf381921d77cb994a0a4de148e95018c1984/charset_normalizer-3.5.1-cp37-abi3-manylinux2014_aarch64.manylinux_2_17_aarch64.manylinux_2_28_aarch64.whl", hash = "sha256:cee5dd7c6fb5dd52a0fe2a740f9bc6e3593f5f8b1788bde49de02086f30182b2", size = 240930, upload-time = "2026-08-15T08:19:54.163Z" },
    { url = "https://files.pythonhosted.org/packages/49/e0/716601f3cc69be7b198951150c75ead1ece33c3c8036ff6ffa46029659a0/charset_normalizer-3.5.1-cp37-abi3-manylinux2014_armv7l.manylinux_2_17_armv7l.manylinux_2_31_armv7l.whl", hash = "sha256:343fb4f2821043bd87095f7b08a1a181febc8e36ac64212143bbfd0a0e1bc235", size = 230822, upload-time = "2026-08-15T08:19:55.807Z" },
    { url = "https://files.pythonhosted.org/packages/d3/05/71bfc5caa0abcc45aea1f6a4d50ac68e59605ddc7666fe8494f4cd229665/charset_normalizer-3.5.1-cp37-abi3-manylinux2014_ppc64le.manylinux_2_17_ppc64le.manylinux_2_28_ppc64le.whl", hash = "sha256:ae4a097991662cd4fff0ddc74e0fe7874f82e00042fa0ea00855645ed0c79598", size = 260037, upload-time = "2026-08-15T08:19:57.312Z" },
    { url = "https://files.pythonhosted.org/packages/c3/92/de7e32ed05341e7a9c4c877c318418197b7f2d66a3b68d561bf2ac57ca3e/charset_normalizer-3.5.1-cp37-abi3-manylinux2014_s390x.manylinux_2_17_s390x.manylinux_2_28_s390x.whl", hash = "sha256:4b599739b93b2cbeded49645ae3c8d1405c29ddfbceac1545c87a3f9580a9e96", size = 255097, upload-time = "2026-08-15T08:19:59.056Z" },
    { url = "https://files.pythonhosted.org/packages/f5/7b/ade0a122600319dfa0b1000ab0f9731c94a817904cf3c5de408c73a4ede7/charset_normalizer-3.5.1-cp37-abi3-manylinux_2_31_riscv64.manylinux_2_39_riscv64.whl", hash = "sha256:b39b69b347e5e47a3b5b8cfc005c68c1ba347474e3960236c4944a8ecd174962", size = 250166, upload-time = "2026-08-15T08:20:00.612Z" },
    { url = "https://files.pythonhosted.org/packages/75/9c/019fbb9f4834491a160951349b1a3714439376f66e5f7cf18b4f18f0c7aa/charset_normalizer-3.5.1-cp37-abi3-musllinux_1_2_aarch64.whl", hash = "sha256:a2028475ba855475b8b4d3cfeb4994269c967aea8b9892dfba907f4263a863a3", size = 241821, upload-time = "2026-08-15T08:20:02.321Z" },
    { url = "https://files.pythonhosted.org/packages/2b/b8/11d4840bfc99330cc7fbcc2681ee5a044553a6e77655508d8f9b2bff7b34/charset_normalizer-3.5.1-cp37-abi3-musllinux_1_2_armv7l.whl", hash = "sha256:36047af20e17097c3bb9476c2b7655f2f7aa51322c0ba58c07695bedf755a950", size = 232529, upload-time = "2026-08-15T08:20:04.008Z" },
    { url = "https://files.pythonhosted.org/packages/18/96/2b3a21492d9f65171ac75d872f5018260013d00bfa0ff70ec9f179148cbd/charset_normalizer-3.5.1-cp37-abi3-musllinux_1_2_ppc64le.whl", hash = "sha256:4c4fb141a727957c93edfe5c32a26ceb6b5f6461d67146e2d39f51e16170bea8", size = 260348, upload-time = "2026-08-15T08:20:05.877Z" },
    { url = "https://files.pythonhosted.org/packages/d6/aa/a69a2028e8bd052476c245460ab19d7de595de084dd968f2d75cd50c3e25/charset_normalizer-3.5.1-cp37-abi3-musllinux_1_2_riscv64.whl", hash = "sha256:2f293479cce755c75f1697e87c409b7ae4c555c7dfecb6e988ad13abba943031", size = 247234, upload-time = "2026-08-15T08:20:07.487Z" },
    { url = "https://files.pythonhosted.org/packages/35/8a/3d130aeabcaf3d2466af76b7b141c08d9e89c9016ab4b7cdd0f7dc2d1c62/charset_normalizer-3.5.1-cp37-abi3-musllinux_1_2_s390x.whl", hash = "sha256:3588e376b3ea2eea84976f67273d679f229e24c66dce7b82ae45aef04ff6e072", size = 256917, upload-time = "2026-08-15T08:20:09.142Z" },
    { url = "https://files.pythonhosted.org/packages/80/c2/a7379b840292d0c1ab9fbd17d1f3967aa81794dc95bc74be8999d7fedcf7/charset_normalizer-3.5.1-cp37-abi3-musllinux_1_2_x86_64.whl", hash = "sha256:e199fb99720074809a7720f1c0b4d919eea8b87e88713e0f8f602f7bef543d9d", size = 254846, upload-time = "2026-08-15T08:20:10.727Z" },
    { url = "https://files.pythonhosted.org/packages/01/65/d43b714731bb2f40d4053dfa00ecfc1c5a301f8e3316c5db3a09af59fe94/charset_normalizer-3.5.1-cp37-abi3-win32.whl", hash = "sha256:dd732602a7009217f658d5863d12d79d373a4de0eebc111094bcdd3bb8e0a6cc", size = 174216, upload-time = "2026-08-15T08:20:12.334Z" },
    { url = "https://files.pythonhosted.org/packages/35/4f/b911ed898b26a09789eba9c9200c999aff6c61b4bafaf4838e56d1a1e1a3/charset_normalizer-3.5.1-cp37-abi3-win_amd64.whl", hash = "sha256:70055ff39b97c99e7ae40ea3e393fb62aa2e44dbd9b29f8d14f42fb0025c3959", size = 199764, upload-time = "2026-08-15T08:20:13.908Z" },
    { url = "https://files.pythonhosted.org/packages/f0/a7/920baf467bfd9bf689f3b318340f37aee4572a71f162bd8db51da55ba4fa/charset_normalizer-3.5.1-cp37-abi3-win_arm64.whl", hash = "sha256:87e4f41d375c0b9be2fb5251aee4b8a689169e134535aed81bf085c3b647451e", size = 287318, upload-time = "2026-08-15T08:20:15.551Z" },
    { url = "https://files.pythonhosted.org/packages/cc/61/d01fc49b8dea277640b55a9e15960dbca9fdc8c9fde18e572d39c59f4019/charset_normalizer-3.5.1-py3-none-any.whl", hash = "sha256:6df0ec430f9a831772c23ca5a224cba36517a58a84bb32c32bb59a9fa67c47f6", size = 68658, upload-time = "2026-08-15T08:20:43.306Z" },
]

[[package]]
name = "colorama"
version = "0.4.6"
source = { registry = "https://pypi.org/simple" }
sdist = { url = "https://files.pythonhosted.org/packages/d8/53/6f443c9a4a8358a93a6792e2acffb9d9d5cb0a5cfd8802644b7b1c9a02e4/colorama-0.4.6.tar.gz", hash = "sha256:08695f5cb7ed6e0531a20572697297273c47b8cae5a63ffc6d6ed5c201be6e44", size = 27697, upload-time = "2022-10-25T02:36:22.414Z" }
wheels = [
    { url = "https://files.pythonhosted.org/packages/d1/d6/3965ed04c63042e047cb6a3e6ed1a63a35087b6a609aa3a15ed8ac56c221/colorama-0.4.6-py2.py3-none-any.whl", hash = "sha256:4f1d9991f5acc0ca119f9d443620b77f9d6b33703e51011c16baf57afb285fc6", size = 25335, upload-time = "2022-10-25T02:36:20.889Z" },
]

[[package]]
name = "crytic-compile"
version = "0.3.11"
source = { registry = "https://pypi.org/simple" }
dependencies = [
    { name = "cbor2" },
    { name = "pycryptodome" },
    { name = "solc-select" },
]
sdist = { url = "https://files.pythonhosted.org/packages/f4/cb/669ed02fbfe17091998f52a7e3326ac276409117ea10a2c36b2a852a22f9/crytic_compile-0.3.11.tar.gz", hash = "sha256:d4e2253d5d81ec3a75deb3ab9fc2c2d2db56e835001cf07f3703911d74b56716", size = 79374, upload-time = "2025-11-14T13:12:35.447Z" }
wheels = [
    { url = "https://files.pythonhosted.org/packages/90/34/1f0f1e8c5d6dffa75a7b3e734f2dd2a462489b8cd5e5f9219d0d8a22a780/crytic_compile-0.3.11-py3-none-any.whl", hash = "sha256:10f99c5f03ab124a14603093d65e534b58f078999bc3a39997cb3588fa82f80b", size = 99222, upload-time = "2025-11-14T13:12:34.062Z" },
]

[[package]]
name = "eth-hash"
version = "0.8.0"
source = { registry = "https://pypi.org/simple" }
sdist = { url = "https://files.pythonhosted.org/packages/3c/f5/c67fc24f2f676aa9b7ab29679d44f113f314c817207cd4319353356f62da/eth_hash-0.8.0.tar.gz", hash = "sha256:b009752b620da2e9c7668014849d1f5fadbe4f138603f1871cc5d4ca706896b1", size = 12225, upload-time = "2026-03-25T16:36:55.099Z" }
wheels = [
    { url = "https://files.pythonhosted.org/packages/87/87/b36792150ca0b28e4df683a34be15a61461ca0e349e5b5cf3ec8f694edb9/eth_hash-0.8.0-py3-none-any.whl", hash = "sha256:523718a51b369ab89866b929a5c93c52978cd866ea309192ad980dd8271f9fac", size = 7965, upload-time = "2026-03-25T16:36:54.205Z" },
]

[package.optional-dependencies]
pysha3 = [
    { name = "safe-pysha3" },
]

[[package]]
name = "halmos"
version = "0.3.3"
source = { registry = "https://pypi.org/simple" }
dependencies = [
    { name = "eth-hash", extra = ["pysha3"] },
    { name = "psutil" },
    { name = "python-dotenv" },
    { name = "requests" },
    { name = "rich" },
    { name = "sortedcontainers" },
    { name = "toml" },
    { name = "xxhash" },
    { name = "yices-solver" },
    { name = "z3-solver" },
]
sdist = { url = "https://files.pythonhosted.org/packages/01/c4/a32e61e65876910c15e77d44c48f44e5c67c7350e3720d5aa3ad8d23c575/halmos-0.3.3.tar.gz", hash = "sha256:2830f421fecea413919c52f499597d796d4d49f5a0f3f0741c2a8399e2bd6abf", size = 328570, upload-time = "2025-07-31T02:07:59.414Z" }
wheels = [
    { url = "https://files.pythonhosted.org/packages/22/8d/e4667d7271b93456f1af50234f8dd4e3e7fc7ee3f1b25d3a2e3f9e17d930/halmos-0.3.3-py3-none-any.whl", hash = "sha256:3967291bdd4aaac96a4c42dd18bf25bd76215acad53697d98f02b986ac8d3f67", size = 190627, upload-time = "2025-07-31T02:07:57.27Z" },
]

[[package]]
name = "idna"
version = "3.20"
source = { registry = "https://pypi.org/simple" }
sdist = { url = "https://files.pythonhosted.org/packages/f5/08/8eea9d4b8302028f3abb2c0813953f7aec26d33b7a8960ed760e65ff29fa/idna-3.20.tar.gz", hash = "sha256:a7db850025b95ded1eae8a46181a1a6c56c92c96f0e2b005d9ff8dc0210cab44", size = 216463, upload-time = "2026-09-17T14:11:04.752Z" }
wheels = [
    { url = "https://files.pythonhosted.org/packages/58/a2/bb081bab032533a855d44de1d56f8e8426114ff1ba5d1f07a438a0a654f8/idna-3.20-py3-none-any.whl", hash = "sha256:ab7ae7122974553370f0bdb919e1a960b2cd1bc1ef0276416d896db81c14582c", size = 69583, upload-time = "2026-09-17T14:11:03.168Z" },
]

[[package]]
name = "iniconfig"
version = "2.3.0"
source = { registry = "https://pypi.org/simple" }
sdist = { url = "https://files.pythonhosted.org/packages/72/34/14ca021ce8e5dfedc35312d08ba8bf51fdd999c576889fc2c24cb97f4f10/iniconfig-2.3.0.tar.gz", hash = "sha256:c76315c77db068650d49c5b56314774a7804df16fee4402c1f19d6d15d8c4730", size = 20503, upload-time = "2025-10-18T21:55:43.219Z" }
wheels = [
    { url = "https://files.pythonhosted.org/packages/cb/b1/3846dd7f199d53cb17f49cba7e651e9ce294d8497c8c150530ed11865bb8/iniconfig-2.3.0-py3-none-any.whl", hash = "sha256:f631c04d2c48c52b84d0d0549c99ff3859c98df65b3101406327ecc7d53fbf12", size = 7484, upload-time = "2025-10-18T21:55:41.639Z" },
]

[[package]]
name = "markdown-it-py"
version = "4.2.0"
source = { registry = "https://pypi.org/simple" }
dependencies = [
    { name = "mdurl" },
]
sdist = { url = "https://files.pythonhosted.org/packages/06/ff/7841249c247aa650a76b9ee4bbaeae59370dc8bfd2f6c01f3630c35eb134/markdown_it_py-4.2.0.tar.gz", hash = "sha256:04a21681d6fbb623de53f6f364d352309d4094dd4194040a10fd51833e418d49", size = 82454, upload-time = "2026-05-07T12:08:28.36Z" }
wheels = [
    { url = "https://files.pythonhosted.org/packages/b3/81/4da04ced5a082363ecfa159c010d200ecbd959ae410c10c0264a38cac0f5/markdown_it_py-4.2.0-py3-none-any.whl", hash = "sha256:9f7ebbcd14fe59494226453aed97c1070d83f8d24b6fc3a3bcf9a38092641c4a", size = 91687, upload-time = "2026-05-07T12:08:27.182Z" },
]

[[package]]
name = "mdurl"
version = "0.1.2"
source = { registry = "https://pypi.org/simple" }
sdist = { url = "https://files.pythonhosted.org/packages/d6/54/cfe61301667036ec958cb99bd3efefba235e65cdeb9c84d24a8293ba1d90/mdurl-0.1.2.tar.gz", hash = "sha256:bb413d29f5eea38f31dd4754dd7377d4465116fb207585f97bf925588687c1ba", size = 8729, upload-time = "2022-08-14T12:40:10.846Z" }
wheels = [
    { url = "https://files.pythonhosted.org/packages/b3/38/89ba8ad64ae25be8de66a6d463314cf1eb366222074cfda9ee839c56a4b4/mdurl-0.1.2-py3-none-any.whl", hash = "sha256:84008a41e51615a49fc9966191ff91509e3c40b939176e643fd50a5c2196b8f8", size = 9979, upload-time = "2022-08-14T12:40:09.779Z" },
]

[[package]]
name = "packaging"
version = "26.3"
source = { registry = "https://pypi.org/simple" }
sdist = { url = "https://files.pythonhosted.org/packages/7d/fa/3944b40b07da9ce895c0e6303a5ab7d53da063554f534556b134a54d6093/packaging-26.3.tar.gz", hash = "sha256:94edc256424af38762eb31306eed28beb9f0efc50a8837492c9d6fd6004aed79", size = 313412, upload-time = "2026-08-04T18:15:28.737Z" }
wheels = [
    { url = "https://files.pythonhosted.org/packages/63/34/ba1c580383c9eada3711951fef0795c80b829a078d72188184bcab9dd527/packaging-26.3-py3-none-any.whl", hash = "sha256:d7193f7c8e4e93f444fde0262bf90af30e16fa0ad0ad44cb553c87339b23cd1c", size = 129956, upload-time = "2026-08-04T18:15:27.159Z" },
]

[[package]]
name = "pluggy"
version = "1.6.0"
source = { registry = "https://pypi.org/simple" }
sdist = { url = "https://files.pythonhosted.org/packages/f9/e2/3e91f31a7d2b083fe6ef3fa267035b518369d9511ffab804f839851d2779/pluggy-1.6.0.tar.gz", hash = "sha256:7dcc130b76258d33b90f61b658791dede3486c3e6bfb003ee5c9bfb396dd22f3", size = 69412, upload-time = "2025-05-15T12:30:07.975Z" }
wheels = [
    { url = "https://files.pythonhosted.org/packages/54/20/4d324d65cc6d9205fabedc306948156824eb9f0ee1633355a8f7ec5c66bf/pluggy-1.6.0-py3-none-any.whl", hash = "sha256:e920276dd6813095e9377c0bc5566d94c932c33b27a3e3945d8389c374dd4746", size = 20538, upload-time = "2025-05-15T12:30:06.134Z" },
]

[[package]]
name = "psutil"
version = "7.2.2"
source = { registry = "https://pypi.org/simple" }
sdist = { url = "https://files.pythonhosted.org/packages/aa/c6/d1ddf4abb55e93cebc4f2ed8b5d6dbad109ecb8d63748dd2b20ab5e57ebe/psutil-7.2.2.tar.gz", hash = "sha256:0746f5f8d406af344fd547f1c8daa5f5c33dbc293bb8d6a16d80b4bb88f59372", size = 493740, upload-time = "2026-01-28T18:14:54.428Z" }
wheels = [
    { url = "https://files.pythonhosted.org/packages/e7/36/5ee6e05c9bd427237b11b3937ad82bb8ad2752d72c6969314590dd0c2f6e/psutil-7.2.2-cp36-abi3-macosx_10_9_x86_64.whl", hash = "sha256:ed0cace939114f62738d808fdcecd4c869222507e266e574799e9c0faa17d486", size = 129090, upload-time = "2026-01-28T18:15:22.168Z" },
    { url = "https://files.pythonhosted.org/packages/80/c4/f5af4c1ca8c1eeb2e92ccca14ce8effdeec651d5ab6053c589b074eda6e1/psutil-7.2.2-cp36-abi3-macosx_11_0_arm64.whl", hash = "sha256:1a7b04c10f32cc88ab39cbf606e117fd74721c831c98a27dc04578deb0c16979", size = 129859, upload-time = "2026-01-28T18:15:23.795Z" },
    { url = "https://files.pythonhosted.org/packages/b5/70/5d8df3b09e25bce090399cf48e452d25c935ab72dad19406c77f4e828045/psutil-7.2.2-cp36-abi3-manylinux2010_x86_64.manylinux_2_12_x86_64.manylinux_2_28_x86_64.whl", hash = "sha256:076a2d2f923fd4821644f5ba89f059523da90dc9014e85f8e45a5774ca5bc6f9", size = 155560, upload-time = "2026-01-28T18:15:25.976Z" },
    { url = "https://files.pythonhosted.org/packages/63/65/37648c0c158dc222aba51c089eb3bdfa238e621674dc42d48706e639204f/psutil-7.2.2-cp36-abi3-manylinux2014_aarch64.manylinux_2_17_aarch64.manylinux_2_28_aarch64.whl", hash = "sha256:b0726cecd84f9474419d67252add4ac0cd9811b04d61123054b9fb6f57df6e9e", size = 156997, upload-time = "2026-01-28T18:15:27.794Z" },
    { url = "https://files.pythonhosted.org/packages/8e/13/125093eadae863ce03c6ffdbae9929430d116a246ef69866dad94da3bfbc/psutil-7.2.2-cp36-abi3-musllinux_1_2_aarch64.whl", hash = "sha256:fd04ef36b4a6d599bbdb225dd1d3f51e00105f6d48a28f006da7f9822f2606d8", size = 148972, upload-time = "2026-01-28T18:15:29.342Z" },
    { url = "https://files.pythonhosted.org/packages/04/78/0acd37ca84ce3ddffaa92ef0f571e073faa6d8ff1f0559ab1272188ea2be/psutil-7.2.2-cp36-abi3-musllinux_1_2_x86_64.whl", hash = "sha256:b58fabe35e80b264a4e3bb23e6b96f9e45a3df7fb7eed419ac0e5947c61e47cc", size = 148266, upload-time = "2026-01-28T18:15:31.597Z" },
    { url = "https://files.pythonhosted.org/packages/b4/90/e2159492b5426be0c1fef7acba807a03511f97c5f86b3caeda6ad92351a7/psutil-7.2.2-cp37-abi3-win_amd64.whl", hash = "sha256:eb7e81434c8d223ec4a219b5fc1c47d0417b12be7ea866e24fb5ad6e84b3d988", size = 137737, upload-time = "2026-01-28T18:15:33.849Z" },
    { url = "https://files.pythonhosted.org/packages/8c/c7/7bb2e321574b10df20cbde462a94e2b71d05f9bbda251ef27d104668306a/psutil-7.2.2-cp37-abi3-win_arm64.whl", hash = "sha256:8c233660f575a5a89e6d4cb65d9f938126312bca76d8fe087b947b3a1aaac9ee", size = 134617, upload-time = "2026-01-28T18:15:36.514Z" },
]

[[package]]
name = "pycryptodome"
version = "3.23.0"
source = { registry = "https://pypi.org/simple" }
sdist = { url = "https://files.pythonhosted.org/packages/8e/a6/8452177684d5e906854776276ddd34eca30d1b1e15aa1ee9cefc289a33f5/pycryptodome-3.23.0.tar.gz", hash = "sha256:447700a657182d60338bab09fdb27518f8856aecd80ae4c6bdddb67ff5da44ef", size = 4921276, upload-time = "2025-05-17T17:21:45.242Z" }
wheels = [
    { url = "https://files.pythonhosted.org/packages/db/6c/a1f71542c969912bb0e106f64f60a56cc1f0fabecf9396f45accbe63fa68/pycryptodome-3.23.0-cp37-abi3-macosx_10_9_universal2.whl", hash = "sha256:187058ab80b3281b1de11c2e6842a357a1f71b42cb1e15bce373f3d238135c27", size = 2495627, upload-time = "2025-05-17T17:20:47.139Z" },
    { url = "https://files.pythonhosted.org/packages/6e/4e/a066527e079fc5002390c8acdd3aca431e6ea0a50ffd7201551175b47323/pycryptodome-3.23.0-cp37-abi3-macosx_10_9_x86_64.whl", hash = "sha256:cfb5cd445280c5b0a4e6187a7ce8de5a07b5f3f897f235caa11f1f435f182843", size = 1640362, upload-time = "2025-05-17T17:20:50.392Z" },
    { url = "https://files.pythonhosted.org/packages/50/52/adaf4c8c100a8c49d2bd058e5b551f73dfd8cb89eb4911e25a0c469b6b4e/pycryptodome-3.23.0-cp37-abi3-manylinux_2_17_aarch64.manylinux2014_aarch64.whl", hash = "sha256:67bd81fcbe34f43ad9422ee8fd4843c8e7198dd88dd3d40e6de42ee65fbe1490", size = 2182625, upload-time = "2025-05-17T17:20:52.866Z" },
    { url = "https://files.pythonhosted.org/packages/5f/e9/a09476d436d0ff1402ac3867d933c61805ec2326c6ea557aeeac3825604e/pycryptodome-3.23.0-cp37-abi3-manylinux_2_17_x86_64.manylinux2014_x86_64.whl", hash = "sha256:c8987bd3307a39bc03df5c8e0e3d8be0c4c3518b7f044b0f4c15d1aa78f52575", size = 2268954, upload-time = "2025-05-17T17:20:55.027Z" },
    { url = "https://files.pythonhosted.org/packages/f9/c5/ffe6474e0c551d54cab931918127c46d70cab8f114e0c2b5a3c071c2f484/pycryptodome-3.23.0-cp37-abi3-manylinux_2_5_i686.manylinux1_i686.manylinux_2_17_i686.manylinux2014_i686.whl", hash = "sha256:aa0698f65e5b570426fc31b8162ed4603b0c2841cbb9088e2b01641e3065915b", size = 2308534, upload-time = "2025-05-17T17:20:57.279Z" },
    { url = "https://files.pythonhosted.org/packages/18/28/e199677fc15ecf43010f2463fde4c1a53015d1fe95fb03bca2890836603a/pycryptodome-3.23.0-cp37-abi3-musllinux_1_2_aarch64.whl", hash = "sha256:53ecbafc2b55353edcebd64bf5da94a2a2cdf5090a6915bcca6eca6cc452585a", size = 2181853, upload-time = "2025-05-17T17:20:59.322Z" },
    { url = "https://files.pythonhosted.org/packages/ce/ea/4fdb09f2165ce1365c9eaefef36625583371ee514db58dc9b65d3a255c4c/pycryptodome-3.23.0-cp37-abi3-musllinux_1_2_i686.whl", hash = "sha256:156df9667ad9f2ad26255926524e1c136d6664b741547deb0a86a9acf5ea631f", size = 2342465, upload-time = "2025-05-17T17:21:03.83Z" },
    { url = "https://files.pythonhosted.org/packages/22/82/6edc3fc42fe9284aead511394bac167693fb2b0e0395b28b8bedaa07ef04/pycryptodome-3.23.0-cp37-abi3-musllinux_1_2_x86_64.whl", hash = "sha256:dea827b4d55ee390dc89b2afe5927d4308a8b538ae91d9c6f7a5090f397af1aa", size = 2267414, upload-time = "2025-05-17T17:21:06.72Z" },
    { url = "https://files.pythonhosted.org/packages/59/fe/aae679b64363eb78326c7fdc9d06ec3de18bac68be4b612fc1fe8902693c/pycryptodome-3.23.0-cp37-abi3-win32.whl", hash = "sha256:507dbead45474b62b2bbe318eb1c4c8ee641077532067fec9c1aa82c31f84886", size = 1768484, upload-time = "2025-05-17T17:21:08.535Z" },
    { url = "https://files.pythonhosted.org/packages/54/2f/e97a1b8294db0daaa87012c24a7bb714147c7ade7656973fd6c736b484ff/pycryptodome-3.23.0-cp37-abi3-win_amd64.whl", hash = "sha256:c75b52aacc6c0c260f204cbdd834f76edc9fb0d8e0da9fbf8352ef58202564e2", size = 1799636, upload-time = "2025-05-17T17:21:10.393Z" },
    { url = "https://files.pythonhosted.org/packages/18/3d/f9441a0d798bf2b1e645adc3265e55706aead1255ccdad3856dbdcffec14/pycryptodome-3.23.0-cp37-abi3-win_arm64.whl", hash = "sha256:11eeeb6917903876f134b56ba11abe95c0b0fd5e3330def218083c7d98bbcb3c", size = 1703675, upload-time = "2025-05-17T17:21:13.146Z" },
]

[[package]]
name = "pygments"
version = "2.21.0"
source = { registry = "https://pypi.org/simple" }
sdist = { url = "https://files.pythonhosted.org/packages/49/2e/ced460408999b33da6b31b0021b0f37d329e202d4169aeb164493778f25b/pygments-2.21.0.tar.gz", hash = "sha256:610ca751c9bc2492b38eb9a38a7fbc93edbbb2d7182edaf34e66ae493dee5c8c", size = 5005329, upload-time = "2026-08-17T08:02:48.824Z" }
wheels = [
    { url = "https://files.pythonhosted.org/packages/71/46/17f022dd3e953bf20a04a028a21ec746d942f8d2af30fa0f124fa0e6a684/pygments-2.21.0-py3-none-any.whl", hash = "sha256:2363c69b61c4a97c838da3b130dcd6468f4848992b21a82f2a63ec34377137d9", size = 1250147, upload-time = "2026-08-17T08:02:44.912Z" },
]

[[package]]
name = "pytest"
version = "8.4.2"
source = { registry = "https://pypi.org/simple" }
dependencies = [
    { name = "colorama", marker = "sys_platform == 'win32'" },
    { name = "iniconfig" },
    { name = "packaging" },
    { name = "pluggy" },
    { name = "pygments" },
]
sdist = { url = "https://files.pythonhosted.org/packages/a3/5c/00a0e072241553e1a7496d638deababa67c5058571567b92a7eaa258397c/pytest-8.4.2.tar.gz", hash = "sha256:86c0d0b93306b961d58d62a4db4879f27fe25513d4b969df351abdddb3c30e01", size = 1519618, upload-time = "2025-09-04T14:34:22.711Z" }
wheels = [
    { url = "https://files.pythonhosted.org/packages/a8/a4/20da314d277121d6534b3a980b29035dcd51e6744bd79075a6ce8fa4eb8d/pytest-8.4.2-py3-none-any.whl", hash = "sha256:872f880de3fc3a5bdc88a11b39c9710c3497a547cfa9320bc3c5e62fbf272e79", size = 365750, upload-time = "2025-09-04T14:34:20.226Z" },
]

[[package]]
name = "python-dotenv"
version = "1.2.3"
source = { registry = "https://pypi.org/simple" }
sdist = { url = "https://files.pythonhosted.org/packages/6a/53/ed9d74092561d4b01a2ef1349d52cdbc135e526c245f366b089cfca6de49/python_dotenv-1.2.3.tar.gz", hash = "sha256:a20a594dabeaa385725aa239d5244871c143ecb356add8a20fcf23773a6c3a35", size = 58945, upload-time = "2026-08-16T16:54:54.067Z" }
wheels = [
    { url = "https://files.pythonhosted.org/packages/0d/17/c5c6b53ddc18f297992099b3d9ec16c855c0ccc83263a21fe4d1c625ec6c/python_dotenv-1.2.3-py3-none-any.whl", hash = "sha256:904552145e8bfed22162c09dab1c2b9b54fefa7b23ba780f4f26ca0316b0f0d9", size = 22780, upload-time = "2026-08-16T16:54:52.473Z" },
]

[[package]]
name = "requests"
version = "2.34.2"
source = { registry = "https://pypi.org/simple" }
dependencies = [
    { name = "certifi" },
    { name = "charset-normalizer" },
    { name = "idna" },
    { name = "urllib3" },
]
sdist = { url = "https://files.pythonhosted.org/packages/ac/c3/e2a2b89f2d3e2179abd6d00ebd70bff6273f37fb3e0cc209f48b39d00cbf/requests-2.34.2.tar.gz", hash = "sha256:f288924cae4e29463698d6d60bc6a4da69c89185ad1e0bcc4104f584e960b9ed", size = 142856, upload-time = "2026-05-14T19:25:27.735Z" }
wheels = [
    { url = "https://files.pythonhosted.org/packages/a0/f4/c67b0b3f1b9245e8d266f0f112c500d50e5b4e83cb6f3b71b6528104182a/requests-2.34.2-py3-none-any.whl", hash = "sha256:2a0d60c172f83ac6ab31e4554906c0f3b3588d37b5cb939b1c061f4907e278e0", size = 73075, upload-time = "2026-05-14T19:25:26.443Z" },
]

[[package]]
name = "rich"
version = "14.0.0"
source = { registry = "https://pypi.org/simple" }
dependencies = [
    { name = "markdown-it-py" },
    { name = "pygments" },
]
sdist = { url = "https://files.pythonhosted.org/packages/a1/53/830aa4c3066a8ab0ae9a9955976fb770fe9c6102117c8ec4ab3ea62d89e8/rich-14.0.0.tar.gz", hash = "sha256:82f1bc23a6a21ebca4ae0c45af9bdbc492ed20231dcb63f297d6d1021a9d5725", size = 224078, upload-time = "2025-03-30T14:15:14.23Z" }
wheels = [
    { url = "https://files.pythonhosted.org/packages/0d/9b/63f4c7ebc259242c89b3acafdb37b41d1185c07ff0011164674e9076b491/rich-14.0.0-py3-none-any.whl", hash = "sha256:1c9491e1951aac09caffd42f448ee3d04e58923ffe14993f6e83068dc395d7e0", size = 243229, upload-time = "2025-03-30T14:15:12.283Z" },
]

[[package]]
name = "safe-pysha3"
version = "1.0.5"
source = { registry = "https://pypi.org/simple" }
sdist = { url = "https://files.pythonhosted.org/packages/a4/27/a942b8a95b97c5fb8d27d3b86b8d269546cf21f87d9ec6b44c3702ce67cc/safe_pysha3-1.0.5.tar.gz", hash = "sha256:88ceaad6af4b6bdecd2f54b31ad0e5e5e210d4f5ecabb1bd1fd3539ad61b7bf1", size = 827796, upload-time = "2025-06-19T13:55:04.106Z" }
wheels = [
    { url = "https://files.pythonhosted.org/packages/bd/59/8d7f64a3eb6ebbde248cc0347a67d7825e2ba6edfa2bd180ebdfb599b3c5/safe_pysha3-1.0.5-cp312-cp312-manylinux2014_x86_64.manylinux_2_17_x86_64.manylinux_2_28_x86_64.whl", hash = "sha256:d137a73029c6c5a1db5791ae9fa62373827eee5226d19b79b836a6cf48b6b197", size = 190427, upload-time = "2025-06-20T15:19:20.862Z" },
    { url = "https://files.pythonhosted.org/packages/da/6a/25e926ab9c8d714be2ee1d40f45eb425f438c968d97ede69a7cbff054094/safe_pysha3-1.0.5-cp312-cp312-musllinux_1_2_x86_64.whl", hash = "sha256:9a0cb37252a8767992f354d7d2af2ef04730032927eb6af2057e71744c741287", size = 184478, upload-time = "2025-06-20T15:19:22.289Z" },
]

[[package]]
name = "seedbridge"
version = "0.1.0"
source = { editable = "." }
dependencies = [
    { name = "crytic-compile" },
    { name = "halmos" },
]

[package.dev-dependencies]
dev = [
    { name = "pytest" },
]

[package.metadata]
requires-dist = [
    { name = "crytic-compile", specifier = "==0.3.11" },
    { name = "halmos", specifier = "==0.3.3" },
]

[package.metadata.requires-dev]
dev = [{ name = "pytest", specifier = "==8.4.2" }]

[[package]]
name = "solc-select"
version = "1.2.0"
source = { registry = "https://pypi.org/simple" }
dependencies = [
    { name = "packaging" },
    { name = "pycryptodome" },
    { name = "requests" },
]
sdist = { url = "https://files.pythonhosted.org/packages/62/89/51e614fdbf26f47268c18f8a3b6cf1cb67c9a8b48b7b7231c948cae97814/solc_select-1.2.0.tar.gz", hash = "sha256:ad0a7afcae05061ce5e7632950b1fa0193ba9eaf05e4956f86effee024c6fb07", size = 52211, upload-time = "2025-12-04T20:57:18.584Z" }
wheels = [
    { url = "https://files.pythonhosted.org/packages/68/ec/0d653030e519fa308e01978698289deb3e0a08adbed5df20a8b8a4884fcf/solc_select-1.2.0-py3-none-any.whl", hash = "sha256:dd00cab29229570c4399058852a4052f2120d87c7e341e35f04794a13cfdd1de", size = 36276, upload-time = "2025-12-04T20:57:16.58Z" },
]

[[package]]
name = "sortedcontainers"
version = "2.4.0"
source = { registry = "https://pypi.org/simple" }
sdist = { url = "https://files.pythonhosted.org/packages/e8/c4/ba2f8066cceb6f23394729afe52f3bf7adec04bf9ed2c820b39e19299111/sortedcontainers-2.4.0.tar.gz", hash = "sha256:25caa5a06cc30b6b83d11423433f65d1f9d76c4c6a0c90e3379eaa43b9bfdb88", size = 30594, upload-time = "2021-05-16T22:03:42.897Z" }
wheels = [
    { url = "https://files.pythonhosted.org/packages/32/46/9cb0e58b2deb7f82b84065f37f3bffeb12413f947f9388e4cac22c4621ce/sortedcontainers-2.4.0-py2.py3-none-any.whl", hash = "sha256:a163dcaede0f1c021485e957a39245190e74249897e2ae4b2aa38595db237ee0", size = 29575, upload-time = "2021-05-16T22:03:41.177Z" },
]

[[package]]
name = "toml"
version = "0.10.2"
source = { registry = "https://pypi.org/simple" }
sdist = { url = "https://files.pythonhosted.org/packages/be/ba/1f744cdc819428fc6b5084ec34d9b30660f6f9daaf70eead706e3203ec3c/toml-0.10.2.tar.gz", hash = "sha256:b3bda1d108d5dd99f4a20d24d9c348e91c4db7ab1b749200bded2f839ccbe68f", size = 22253, upload-time = "2020-11-01T01:40:22.204Z" }
wheels = [
    { url = "https://files.pythonhosted.org/packages/44/6f/7120676b6d73228c96e17f1f794d8ab046fc910d781c8d151120c3f1569e/toml-0.10.2-py2.py3-none-any.whl", hash = "sha256:806143ae5bfb6a3c6e736a764057db0e6a0e05e338b5630894a5f779cabb4f9b", size = 16588, upload-time = "2020-11-01T01:40:20.672Z" },
]

[[package]]
name = "urllib3"
version = "2.8.0"
source = { registry = "https://pypi.org/simple" }
sdist = { url = "https://files.pythonhosted.org/packages/e3/05/b17359e1cefb4f909b5e40b1b90a496d987258916dbbf88e842c729f510e/urllib3-2.8.0.tar.gz", hash = "sha256:63bf2ead4c879426ebf22ef2a781eeb4aa3b4ae798a0435506f8687fd5bb9b63", size = 458972, upload-time = "2026-09-15T19:29:36.253Z" }
wheels = [
    { url = "https://files.pythonhosted.org/packages/92/9d/c4e665119135114480843e7ab388fa94d8480650450e6f8e26b70d323a4c/urllib3-2.8.0-py3-none-any.whl", hash = "sha256:0cf3cae568d36aa9576b28dfb35f11328f1cb974ca7647d9475ebb86c75ac6e3", size = 135717, upload-time = "2026-09-15T19:29:34.577Z" },
]

[[package]]
name = "xxhash"
version = "4.0.1"
source = { registry = "https://pypi.org/simple" }
sdist = { url = "https://files.pythonhosted.org/packages/f6/a5/1386f35da1475fcaeef42581deae73417c6d2a6a0b2d2e8914de18844dcd/xxhash-4.0.1.tar.gz", hash = "sha256:d55bf4ef10eb09b8b6866790e083d26d087d84caa3cc0946ba87c3ca7ecaf7b7", size = 101513, upload-time = "2026-08-17T08:24:08.557Z" }
wheels = [
    { url = "https://files.pythonhosted.org/packages/26/6c/dc7cffeadd06336cd934947187cd38abb263103bbc552ca0f55fe4ff595a/xxhash-4.0.1-cp312-cp312-macosx_10_13_x86_64.whl", hash = "sha256:1ee523f51718e41753f04f7102bb4dc55a18d2ea5cbaceef8ec7ca08571bd428", size = 38444, upload-time = "2026-08-17T08:21:54.332Z" },
    { url = "https://files.pythonhosted.org/packages/75/c9/cf736f6db8c3273af18925061572db0d4357818a9ce425f4b5fb0021918e/xxhash-4.0.1-cp312-cp312-macosx_11_0_arm64.whl", hash = "sha256:515a822c73abbf6a0b7c70976d9662be342835c9d78b8dc7c023411f39c35dbc", size = 36195, upload-time = "2026-08-17T08:35:13.004Z" },
    { url = "https://files.pythonhosted.org/packages/da/a2/ca1929354b6851529d0148f7f335b5e2b0281f83bab3e19f0896dc579796/xxhash-4.0.1-cp312-cp312-manylinux1_i686.manylinux_2_28_i686.manylinux_2_5_i686.whl", hash = "sha256:f5d031f35962e5483a613214e61f09fe24ab523062c3646d592dc16c4a217451", size = 253113, upload-time = "2026-08-17T08:20:52.152Z" },
    { url = "https://files.pythonhosted.org/packages/de/bb/542005206af59518bc8d78a210f1e0172217bc53beb32f64a5b632e72b6b/xxhash-4.0.1-cp312-cp312-manylinux2014_aarch64.manylinux_2_17_aarch64.manylinux_2_28_aarch64.whl", hash = "sha256:da0264844a09b538c894e5eff25313d941deb4dedec2131b98418a71a3c9944e", size = 276525, upload-time = "2026-08-17T08:21:01.886Z" },
    { url = "https://files.pythonhosted.org/packages/1b/df/607cff25dcb0f1d35c3b04493f6ad8471edb03fd4eacbdcc5ceddef1f3e9/xxhash-4.0.1-cp312-cp312-manylinux2014_armv7l.manylinux_2_17_armv7l.manylinux_2_31_armv7l.whl", hash = "sha256:1642907941ee4b75aacc3db688af52ea02ca2305ab22af7ee686ed726b332684", size = 297703, upload-time = "2026-08-17T08:21:57.958Z" },
    { url = "https://files.pythonhosted.org/packages/15/ba/9d2275eea0b9d9c6b02921be23f7588356c60df95c763b25f0e045894d43/xxhash-4.0.1-cp312-cp312-manylinux2014_ppc64le.manylinux_2_17_ppc64le.manylinux_2_28_ppc64le.whl", hash = "sha256:4af350bc3f329970c0e3a59af84a8a30998bf8a9167eb50cd48e59baaa1d7bec", size = 280252, upload-time = "2026-08-17T08:20:47.299Z" },
    { url = "https://files.pythonhosted.org/packages/1d/aa/2299d9f6369e550aef2abb64945e39daa34412725aa46a20d99b74d76f67/xxhash-4.0.1-cp312-cp312-manylinux2014_s390x.manylinux_2_17_s390x.manylinux_2_28_s390x.whl", hash = "sha256:8ba782ca3bf1e81492611152b9a0d5264971339e95e34d69de0ac2c926be496d", size = 511041, upload-time = "2026-08-17T08:20:36.771Z" },
    { url = "https://files.pythonhosted.org/packages/83/97/31bd8b8279e6935a0719f6910ced15e9d5a2cd554b253f6027ce1b5a1c2c/xxhash-4.0.1-cp312-cp312-manylinux2014_x86_64.manylinux_2_17_x86_64.manylinux_2_28_x86_64.whl", hash = "sha256:237b8f63a2a0fcfb1ffc06e21dad23add44e6d354b2b014364a1d41e419a4dee", size = 261812, upload-time = "2026-08-17T08:22:00.469Z" },
    { url = "https://files.pythonhosted.org/packages/2d/c1/d180a2da23c105d8e0b02d54f9f5841013fc81c233010ec781e31f1aee4c/xxhash-4.0.1-cp312-cp312-manylinux_2_31_riscv64.manylinux_2_39_riscv64.whl", hash = "sha256:81507a68ba84c55241fb61cce1469f473a5da4205fc8ef6f698e5948eea8dd88", size = 339878, upload-time = "2026-08-17T08:35:17.626Z" },
    { url = "https://files.pythonhosted.org/packages/a8/3d/f584cd3172fe934f0f5a0a3917d0d7ce781f74d794fd43bb72be71c3ef6f/xxhash-4.0.1-cp312-cp312-musllinux_1_2_aarch64.whl", hash = "sha256:5f1ea31d61bcd2cd2f3ec4ca80a64187bbd7948f490b63cf0dcbc6e717b4c1e9", size = 272871, upload-time = "2026-08-17T08:20:56.067Z" },
    { url = "https://files.pythonhosted.org/packages/34/50/2c7956b2b551682e00b9aebce9ceb0a991a131d65f9850c09f5f9760be2e/xxhash-4.0.1-cp312-cp312-musllinux_1_2_armv7l.whl", hash = "sha256:06713a5aaf1d0905c5579416c020c02e42b3ceb931e86c7d3b7fb85403dee3f3", size = 301440, upload-time = "2026-08-17T08:21:35.911Z" },
    { url = "https://files.pythonhosted.org/packages/eb/a2/0739f6482184a8026f4b022718f5f815d352059312e80696825433f0a8e7/xxhash-4.0.1-cp312-cp312-musllinux_1_2_i686.whl", hash = "sha256:e8cda075b10bb3917b002c74a04f9e02b7d13b5bf732571404d51c52b11c7329", size = 260157, upload-time = "2026-08-17T08:22:01.416Z" },
    { url = "https://files.pythonhosted.org/packages/a1/25/b31a7bcf1d7d116842812e54f9b944843b4236ea4fa85634e8259f342212/xxhash-4.0.1-cp312-cp312-musllinux_1_2_ppc64le.whl", hash = "sha256:c10b9206753b64aa791b35b201485477525b26fdec5bf86e8364c388a03e2592", size = 278233, upload-time = "2026-08-17T08:21:15.674Z" },
    { url = "https://files.pythonhosted.org/packages/db/e8/5293bae090fc6119dbc5fcf5c4cc0e1536394b52d73b7904d033836c73db/xxhash-4.0.1-cp312-cp312-musllinux_1_2_riscv64.whl", hash = "sha256:f3e1a44af01b6692de0ec6caba5f0bf93ceb36896e02b7fc00952c6ea7ef39e1", size = 330270, upload-time = "2026-08-17T08:20:51.128Z" },
    { url = "https://files.pythonhosted.org/packages/72/9e/e2ab12d40921f3f34c9317637d65e011aeababf8288356ea8d527de2c1d0/xxhash-4.0.1-cp312-cp312-musllinux_1_2_s390x.whl", hash = "sha256:c6fc415b5568bd9accc7187f1729a99707330c0a67a8b9f93c1149ed573ed75d", size = 478555, upload-time = "2026-08-17T08:22:04.183Z" },
    { url = "https://files.pythonhosted.org/packages/6d/32/c6148d39a49efa95f39b4cf0d41ef35a487f3b30f6fb1fc8fe8d8eab577e/xxhash-4.0.1-cp312-cp312-musllinux_1_2_x86_64.whl", hash = "sha256:96d8de55029d42251945531f6aa7590c32b48163c66a43bf29d8657d7446a377", size = 258174, upload-time = "2026-08-17T08:35:21.18Z" },
    { url = "https://files.pythonhosted.org/packages/8f/fb/0b04b68d6c5bc71c7a2c344f1287327b67e607f28fbcfd937697caca64b6/xxhash-4.0.1-cp312-cp312-pyemscripten_2024_0_wasm32.whl", hash = "sha256:0163b5d259de23ae9e07b7eabf435ce4704f6f205589a2b154e6af4be985ce1b", size = 20767, upload-time = "2026-08-17T08:21:00.806Z" },
    { url = "https://files.pythonhosted.org/packages/a6/be/476092aba34d1fcd313e1613a3bb3bc692f253d167b54bc90049043b5034/xxhash-4.0.1-cp312-cp312-win32.whl", hash = "sha256:1216f7ba5683f17a89eb7dcb4bc50a0b743dfe1902278d7b3d0786f538118433", size = 34669, upload-time = "2026-08-17T08:21:49.486Z" },
    { url = "https://files.pythonhosted.org/packages/aa/02/f9413d94fae43cec6d1a74c4f12156c6f4a7f5fd50e1d34defebdee3dec9/xxhash-4.0.1-cp312-cp312-win_amd64.whl", hash = "sha256:5c2d525a3afabcd8e3549d85fc7e111fde6bc302d06a1893fe73adb79823415e", size = 37073, upload-time = "2026-08-17T08:22:04.886Z" },
    { url = "https://files.pythonhosted.org/packages/c1/83/6fe93c1b95acf962bc61a246df09dc2dcce895ccfc1080c9f48d0b652b92/xxhash-4.0.1-cp312-cp312-win_arm64.whl", hash = "sha256:86b2b12bec60c678ed8f5cca0258ad93a8928ebddb6ca7732f0875afe1451d1a", size = 33299, upload-time = "2026-08-17T08:35:12.708Z" },
    { url = "https://files.pythonhosted.org/packages/86/79/9127ff42a887a348dc4ce3211cf1a962836887adee6f57078132bfba78b4/xxhash-4.0.1-graalpy312-graalpy250_312_native-macosx_10_13_x86_64.whl", hash = "sha256:ff48915bf1871a1f19f74c11834c6329443d306cedc0c05fe7fe617810422a80", size = 31836, upload-time = "2026-08-17T08:36:28.261Z" },
    { url = "https://files.pythonhosted.org/packages/0a/e6/f238693bfdd642adb59c99683964d46d9947fe721ff44d3bd850ae675407/xxhash-4.0.1-graalpy312-graalpy250_312_native-macosx_11_0_arm64.whl", hash = "sha256:4a76345f5aceb4ec404918edf9c7f2b5507db864dc0d7455982009ac0890b57b", size = 34453, upload-time = "2026-08-17T08:23:49.795Z" },
    { url = "https://files.pythonhosted.org/packages/40/4b/796ace33cdfb75c91ba6d11615c3bd436355b9f3103e05865bbee9abce57/xxhash-4.0.1-graalpy312-graalpy250_312_native-manylinux2014_aarch64.manylinux_2_17_aarch64.manylinux_2_28_aarch64.whl", hash = "sha256:31d86f9e81f3e84e00131ac7c54caf5119ae4ddd82c09c31cff597c813ce1ee2", size = 38488, upload-time = "2026-08-17T08:23:59.901Z" },
    { url = "https://files.pythonhosted.org/packages/ad/23/2d549e5d5d7759eaf9ac2d2d2ab81ff60f1bb2b52cdaae8e5ec5c6524354/xxhash-4.0.1-graalpy312-graalpy250_312_native-manylinux2014_x86_64.manylinux_2_17_x86_64.manylinux_2_28_x86_64.whl", hash = "sha256:deca2a30d983d240b8375ec2ee0a4288e72042827fc61df2f7671f8467e4cb2f", size = 38206, upload-time = "2026-08-17T08:36:32.193Z" },
    { url = "https://files.pythonhosted.org/packages/79/98/1ee576b27f78e6107ee4ea8ac03e8a52888dff256e57d560f8282c195563/xxhash-4.0.1-graalpy312-graalpy250_312_native-win_amd64.whl", hash = "sha256:7c343ee174d417a44d0c3355602c0cbbfa52a04d1bbbf1723378c7d2c8f60626", size = 37127, upload-time = "2026-08-17T08:23:42.705Z" },
]

[[package]]
name = "yices-solver"
version = "2.6.4.post23"
source = { registry = "https://pypi.org/simple" }
wheels = [
    { url = "https://files.pythonhosted.org/packages/f6/36/46235c685c4ee7c1f40b0363aab04690a89e4997dee4838df86383e8298e/yices_solver-2.6.4.post23-py3-none-macosx_13_0_x86_64.whl", hash = "sha256:29b9cc6ea05555ff3f5814c63bf50e902de9150c647250ab30f175bfedfb8551", size = 6526456, upload-time = "2025-05-30T23:55:01.117Z" },
    { url = "https://files.pythonhosted.org/packages/41/ba/dcb298619def25f4835ff81e399682a0e90b9d76df10c62a1991afc1d82b/yices_solver-2.6.4.post23-py3-none-macosx_14_0_arm64.whl", hash = "sha256:979e6644de090269f89e8c0a2286b8eaf38df00773d1832cf42861928c140cac", size = 6145940, upload-time = "2025-05-30T23:55:02.965Z" },
    { url = "https://files.pythonhosted.org/packages/02/1d/c48c39209127d1b9720d17f4170f651d5f3e0528bd4727858b2ec716d76b/yices_solver-2.6.4.post23-py3-none-manylinux_2_28_x86_64.whl", hash = "sha256:daf6c2ea0930a2aa961046050a072ab3b385981b8272c0638a48d628d9e3e3fe", size = 10377302, upload-time = "2025-05-30T23:55:04.718Z" },
    { url = "https://files.pythonhosted.org/packages/a4/d4/caca504bbb8f594c50a512f13191e7755001c91f9e280031004dfd2d380b/yices_solver-2.6.4.post23-py3-none-win_amd64.whl", hash = "sha256:61e069b2eb9661258c13fe7e329f5032f49495e0982919497f405a9d248b00c0", size = 5750213, upload-time = "2025-05-30T23:55:06.661Z" },
]

[[package]]
name = "z3-solver"
version = "4.12.6.0"
source = { registry = "https://pypi.org/simple" }
sdist = { url = "https://files.pythonhosted.org/packages/66/a8/fb9141e779cece45778c98feec75fe35337ac8d54836503b290af3b81207/z3-solver-4.12.6.0.tar.gz", hash = "sha256:9a0f30e9648ee2649adc301dbf91470bc1600f34112ffeaf1063f8a8075e1a48", size = 4821806, upload-time = "2024-02-24T23:17:35.211Z" }
wheels = [
    { url = "https://files.pythonhosted.org/packages/ce/0c/b0074b9384753e841c1a7252ef44ee5444221eff2d7cb88b8957bdc2e57e/z3_solver-4.12.6.0-py2.py3-none-macosx_11_0_arm64.whl", hash = "sha256:9347c9c4f966c97c807f73b1b4365d11dbb25e390b3908b1c3a6e3bceff62e6d", size = 26979615, upload-time = "2024-02-24T23:17:12.662Z" },
    { url = "https://files.pythonhosted.org/packages/47/02/bd1a78832beb0eac459a189da64caafd1a34ecd2b4a74d32a4c9b9fafe9c/z3_solver-4.12.6.0-py2.py3-none-macosx_11_0_x86_64.whl", hash = "sha256:359d2af6dbcc017dadb99f286b39df101edf6ac9a45332ba15c0a2012ff46d45", size = 29911008, upload-time = "2024-02-24T23:17:18.499Z" },
    { url = "https://files.pythonhosted.org/packages/24/99/ca3e00003887498be6c864603ad2cdb57396481d71774377934c9783a38a/z3_solver-4.12.6.0-py2.py3-none-manylinux2014_x86_64.whl", hash = "sha256:dca097b9a3026a63019eba65fe7ad120dcccec847cc33a7c0e548cfe324680fc", size = 56953521, upload-time = "2024-02-24T23:17:22.017Z" },
    { url = "https://files.pythonhosted.org/packages/0d/bd/097d479948b71b37369a0dbd90f4dfb05a51c02c4737d904db25167260d6/z3_solver-4.12.6.0-py2.py3-none-win32.whl", hash = "sha256:d795fd1a25416f9164ba6be8750c66732d998c645234b6d7f1b801b7ba5f67d4", size = 56302355, upload-time = "2024-02-24T23:17:26.427Z" },
    { url = "https://files.pythonhosted.org/packages/6b/28/b014879daffb5a588947ff1c3c0bc228c65bed6202c6a825250151d1a528/z3_solver-4.12.6.0-py2.py3-none-win_amd64.whl", hash = "sha256:95a3725f43ec8cf2d4e7733327cdf2b9ff9caa09e0511e2b1a059000f211f605", size = 59225553, upload-time = "2024-02-24T23:17:31.447Z" },
]
